
Microsoft Visual Studio Solution File, Format Version 12.00
# Visual Studio Version 16
VisualStudioVersion = 16.0.29215.179
MinimumVisualStudioVersion = 10.0.40219.1
Project("{FAE04EC0-301F-11D3-BF4B-00C04F79EFBC}") = "Homework6.Android", "Homework6\Homework6.Android\Homework6.Android.csproj", "{BC274550-18EF-4C2D-94FC-DFB55FD882F8}"
EndProject
Project("{FAE04EC0-301F-11D3-BF4B-00C04F79EFBC}") = "Homework6.iOS", "Homework6\Homework6.iOS\Homework6.iOS.csproj", "{3C4C8C0D-F9A8-4986-9E2A-A89E42574415}"
EndProject
Project("{FAE04EC0-301F-11D3-BF4B-00C04F79EFBC}") = "Homework6", "Homework6\Homework6\Homework6.csproj", "{CEBB3D8C-6822-4C41-ADCF-1F12540B6CE9}"
EndProject
Global
	GlobalSection(SolutionConfigurationPlatforms) = preSolution
		Debug|Any CPU = Debug|Any CPU
		Debug|iPhone = Debug|iPhone
		Debug|iPhoneSimulator = Debug|iPhoneSimulator
		Release|Any CPU = Release|Any CPU
		Release|iPhone = Release|iPhone
		Release|iPhoneSimulator = Release|iPhoneSimulator
	EndGlobalSection
	GlobalSection(ProjectConfigurationPlatforms) = postSolution
		{BC274550-18EF-4C2D-94FC-DFB55FD882F8}.Debug|Any CPU.ActiveCfg = Debug|Any CPU
		{BC274550-18EF-4C2D-94FC-DFB55FD882F8}.Debug|Any CPU.Build.0 = Debug|Any CPU
		{BC274550-18EF-4C2D-94FC-DFB55FD882F8}.Debug|Any CPU.Deploy.0 = Debug|Any CPU
		{BC274550-18EF-4C2D-94FC-DFB55FD882F8}.Debug|iPhone.ActiveCfg = Debug|Any CPU
		{BC274550-18EF-4C2D-94FC-DFB55FD882F8}.Debug|iPhone.Build.0 = Debug|Any CPU
		{BC274550-18EF-4C2D-94FC-DFB55FD882F8}.Debug|iPhone.Deploy.0 = Debug|Any CPU
		{BC274550-18EF-4C2D-94FC-DFB55FD882F8}.Debug|iPhoneSimulator.ActiveCfg = Debug|Any CPU
		{BC274550-18EF-4C2D-94FC-DFB55FD882F8}.Debug|iPhoneSimulator.Build.0 = Debug|Any CPU
		{BC274550-18EF-4C2D-94FC-DFB55FD882F8}.Debug|iPhoneSimulator.Deploy.0 = Debug|Any CPU
		{BC274550-18EF-4C2D-94FC-DFB55FD882F8}.Release|Any CPU.ActiveCfg = Release|Any CPU
		{BC274550-18EF-4C2D-94FC-DFB55FD882F8}.Release|Any CPU.Build.0 = Release|Any CPU
		{BC274550-18EF-4C2D-94FC-DFB55FD882F8}.Release|Any CPU.Deploy.0 = Release|Any CPU
		{BC274550-18EF-4C2D-94FC-DFB55FD882F8}.Release|iPhone.ActiveCfg = Release|Any CPU
		{BC274550-18EF-4C2D-94FC-DFB55FD882F8}.Release|iPhone.Build.0 = Release|Any CPU
		{BC274550-18EF-4C2D-94FC-DFB55FD882F8}.Release|iPhone.Deploy.0 = Release|Any CPU
		{BC274550-18EF-4C2D-94FC-DFB55FD882F8}.Release|iPhoneSimulator.ActiveCfg = Release|Any CPU
		{BC274550-18EF-4C2D-94FC-DFB55FD882F8}.Release|iPhoneSimulator.Build.0 = Release|Any CPU
		{BC274550-18EF-4C2D-94FC-DFB55FD882F8}.Release|iPhoneSimulator.Deploy.0 = Release|Any CPU
		{3C4C8C0D-F9A8-4986-9E2A-A89E42574415}.Debug|Any CPU.ActiveCfg = Debug|iPhoneSimulator
		{3C4C8C0D-F9A8-4986-9E2A-A89E42574415}.Debug|Any CPU.Build.0 = Debug|iPhoneSimulator
		{3C4C8C0D-F9A8-4986-9E2A-A89E42574415}.Debug|Any CPU.Deploy.0 = Debug|iPhoneSimulator
		{3C4C8C0D-F9A8-4986-9E2A-A89E42574415}.Debug|iPhone.ActiveCfg = Debug|iPhone
		{3C4C8C0D-F9A8-4986-9E2A-A89E42574415}.Debug|iPhone.Build.0 = Debug|iPhone
		{3C4C8C0D-F9A8-4986-9E2A-A89E42574415}.Debug|iPhone.Deploy.0 = Debug|iPhone
		{3C4C8C0D-F9A8-4986-9E2A-A89E42574415}.Debug|iPhoneSimulator.ActiveCfg = Debug|iPhoneSimulator
		{3C4C8C0D-F9A8-4986-9E2A-A89E42574415}.Debug|iPhoneSimulator.Build.0 = Debug|iPhoneSimulator
		{3C4C8C0D-F9A8-4986-9E2A-A89E42574415}.Debug|iPhoneSimulator.Deploy.0 = Debug|iPhoneSimulator
		{3C4C8C0D-F9A8-4986-9E2A-A89E42574415}.Release|Any CPU.ActiveCfg = Release|iPhone
		{3C4C8C0D-F9A8-4986-9E2A-A89E42574415}.Release|Any CPU.Build.0 = Release|iPhone
		{3C4C8C0D-F9A8-4986-9E2A-A89E42574415}.Release|Any CPU.Deploy.0 = Release|iPhone
		{3C4C8C0D-F9A8-4986-9E2A-A89E42574415}.Release|iPhone.ActiveCfg = Release|iPhone
		{3C4C8C0D-F9A8-4986-9E2A-A89E42574415}.Release|iPhone.Build.0 = Release|iPhone
		{3C4C8C0D-F9A8-4986-9E2A-A89E42574415}.Release|iPhone.Deploy.0 = Release|iPhone
		{3C4C8C0D-F9A8-4986-9E2A-A89E42574415}.Release|iPhoneSimulator.ActiveCfg = Release|iPhoneSimulator
		{3C4C8C0D-F9A8-4986-9E2A-A89E42574415}.Release|iPhoneSimulator.Build.0 = Release|iPhoneSimulator
		{3C4C8C0D-F9A8-4986-9E2A-A89E42574415}.Release|iPhoneSimulator.Deploy.0 = Release|iPhoneSimulator
		{CEBB3D8C-6822-4C41-ADCF-1F12540B6CE9}.Debug|Any CPU.ActiveCfg = Debug|Any CPU
		{CEBB3D8C-6822-4C41-ADCF-1F12540B6CE9}.Debug|Any CPU.Build.0 = Debug|Any CPU
		{CEBB3D8C-6822-4C41-ADCF-1F12540B6CE9}.Debug|Any CPU.Deploy.0 = Debug|Any CPU
		{CEBB3D8C-6822-4C41-ADCF-1F12540B6CE9}.Debug|iPhone.ActiveCfg = Debug|Any CPU
		{CEBB3D8C-6822-4C41-ADCF-1F12540B6CE9}.Debug|iPhone.Build.0 = Debug|Any CPU
		{CEBB3D8C-6822-4C41-ADCF-1F12540B6CE9}.Debug|iPhone.Deploy.0 = Debug|Any CPU
		{CEBB3D8C-6822-4C41-ADCF-1F12540B6CE9}.Debug|iPhoneSimulator.ActiveCfg = Debug|Any CPU
		{CEBB3D8C-6822-4C41-ADCF-1F12540B6CE9}.Debug|iPhoneSimulator.Build.0 = Debug|Any CPU
		{CEBB3D8C-6822-4C41-ADCF-1F12540B6CE9}.Debug|iPhoneSimulator.Deploy.0 = Debug|Any CPU
		{CEBB3D8C-6822-4C41-ADCF-1F12540B6CE9}.Release|Any CPU.ActiveCfg = Release|Any CPU
		{CEBB3D8C-6822-4C41-ADCF-1F12540B6CE9}.Release|Any CPU.Build.0 = Release|Any CPU
		{CEBB3D8C-6822-4C41-ADCF-1F12540B6CE9}.Release|Any CPU.Deploy.0 = Release|Any CPU
		{CEBB3D8C-6822-4C41-ADCF-1F12540B6CE9}.Release|iPhone.ActiveCfg = Release|Any CPU
		{CEBB3D8C-6822-4C41-ADCF-1F12540B6CE9}.Release|iPhone.Build.0 = Release|Any CPU
		{CEBB3D8C-6822-4C41-ADCF-1F12540B6CE9}.Release|iPhone.Deploy.0 = Release|Any CPU
		{CEBB3D8C-6822-4C41-ADCF-1F12540B6CE9}.Release|iPhoneSimulator.ActiveCfg = Release|Any CPU
		{CEBB3D8C-6822-4C41-ADCF-1F12540B6CE9}.Release|iPhoneSimulator.Build.0 = Release|Any CPU
		{CEBB3D8C-6822-4C41-ADCF-1F12540B6CE9}.Release|iPhoneSimulator.Deploy.0 = Release|Any CPU
	EndGlobalSection
	GlobalSection(SolutionProperties) = preSolution
		HideSolutionNode = FALSE
	EndGlobalSection
	GlobalSection(ExtensibilityGlobals) = postSolution
		SolutionGuid = {5BD635ED-F283-461E-B3ED-3CAE34FF8E26}
	EndGlobalSection
EndGlobal
